
Microsoft Visual Studio Solution File, Format Version 12.00
# Visual Studio Version 17
VisualStudioVersion = 17.5.33627.172
MinimumVisualStudioVersion = 10.0.40219.1
Project("{FAE04EC0-301F-11D3-BF4B-00C04F79EFBC}") = "OCT GATEWAY API", "OCT GATEWAY API.csproj", "{2D6B7E89-D84E-4B34-8B1A-CFE75D01E5E6}"
EndProject
Global
	GlobalSection(SolutionConfigurationPlatforms) = preSolution
		Debug|Any CPU = Debug|Any CPU
		Release|Any CPU = Release|Any CPU
	EndGlobalSection
	GlobalSection(ProjectConfigurationPlatforms) = postSolution
		{2D6B7E89-D84E-4B34-8B1A-CFE75D01E5E6}.Debug|Any CPU.ActiveCfg = Debug|Any CPU
		{2D6B7E89-D84E-4B34-8B1A-CFE75D01E5E6}.Debug|Any CPU.Build.0 = Debug|Any CPU
		{2D6B7E89-D84E-4B34-8B1A-CFE75D01E5E6}.Release|Any CPU.ActiveCfg = Release|Any CPU
		{2D6B7E89-D84E-4B34-8B1A-CFE75D01E5E6}.Release|Any CPU.Build.0 = Release|Any CPU
	EndGlobalSection
	GlobalSection(SolutionProperties) = preSolution
		HideSolutionNode = FALSE
	EndGlobalSection
	GlobalSection(ExtensibilityGlobals) = postSolution
		SolutionGuid = {A3FE255B-E6F6-4B10-AFC3-29C87A429F69}
	EndGlobalSection
EndGlobal
